
Microsoft Visual Studio Solution File, Format Version 12.00
# Visual Studio Version 16
VisualStudioVersion = 16.0.29920.165
MinimumVisualStudioVersion = 10.0.40219.1
Project("{FAE04EC0-301F-11D3-BF4B-00C04F79EFBC}") = "TestNetCore", "TestNetCore\TestNetCore.csproj", "{AE709B44-648F-4864-B548-A3C39B618099}"
EndProject
Global
	GlobalSection(SolutionConfigurationPlatforms) = preSolution
		Debug|Any CPU = Debug|Any CPU
		Release|Any CPU = Release|Any CPU
	EndGlobalSection
	GlobalSection(ProjectConfigurationPlatforms) = postSolution
		{AE709B44-648F-4864-B548-A3C39B618099}.Debug|Any CPU.ActiveCfg = Debug|Any CPU
		{AE709B44-648F-4864-B548-A3C39B618099}.Debug|Any CPU.Build.0 = Debug|Any CPU
		{AE709B44-648F-4864-B548-A3C39B618099}.Release|Any CPU.ActiveCfg = Release|Any CPU
		{AE709B44-648F-4864-B548-A3C39B618099}.Release|Any CPU.Build.0 = Release|Any CPU
	EndGlobalSection
	GlobalSection(SolutionProperties) = preSolution
		HideSolutionNode = FALSE
	EndGlobalSection
	GlobalSection(ExtensibilityGlobals) = postSolution
		SolutionGuid = {04516668-AD55-410D-B610-FBF44F68B582}
	EndGlobalSection
EndGlobal
